golang.org/x/net v0.0.0-20220516155154-20f960328961 h1:+W/iTMPG0EL7aW+/atntZwZrvSRIj3m3yX414dSULUU=
golang.org/x/net v0.0.0-20220516155154-20f960328961/go.mod h1:CfG3xpIq0wQ8r1q4Su4UZFWDARRcnwPjda9FqA0JpMk=
golang.org/x/text v0.3.7 h1:olpwvP2KacW1ZWvsR7uQhoyTYvKAupfQrRGBFM352Gk=
golang.org/x/text v0.3.7/go.mod h1:u+2+/6zg+i71rQMx5EYifcz6MCKuco9NR6JIITiCfzQ=
